PODS:
  - Alamofire (5.0.0)
  - Kingfisher (5.13.1):
    - Kingfisher/Core (= 5.13.1)
  - Kingfisher/Core (5.13.1)
  - MBProgressHUD (1.2.0)

DEPENDENCIES:
  - Alamofire
  - Kingfisher
  - MBProgressHUD

SPEC REPOS:
  trunk:
    - Alamofire
    - Kingfisher
    - MBProgressHUD

SPEC CHECKSUMS:
  Alamofire: 58ff2bfb8daaacaa233d5c36e37b10a5248f59b1
  Kingfisher: f33a848445e33c543620812158dc5d47f6bf90df
  MBProgressHUD: 3ee5efcc380f6a79a7cc9b363dd669c5e1ae7406

PODFILE CHECKSUM: 2fea5d217a3ec6f1bbc2823f0572ba1789f7d949

COCOAPODS: 1.8.1
